
Microsoft Visual Studio Solution File, Format Version 12.00
# Visual Studio 2013
VisualStudioVersion = 12.0.30110.0
MinimumVisualStudioVersion = 10.0.40219.1
Project("{2150E333-8FDC-42A3-9474-1A3956D46DE8}") = "FS", "FS", "{FF2C44A4-E6F3-40F4-8B21-4E0951DCAC16}"
EndProject
Project("{F2A71F9B-5D33-465A-A702-920D77279786}") = "C001_E", "FS\C001_E\C001_E.fsproj", "{30EB15D7-4A45-4606-B2B1-6D25556FFDF5}"
EndProject
Project("{F2A71F9B-5D33-465A-A702-920D77279786}") = "C002_E", "FS\C002_E\C002_E.fsproj", "{DD587649-34F8-421C-BE5A-424414E5001C}"
EndProject
Project("{F2A71F9B-5D33-465A-A702-920D77279786}") = "C003_E", "FS\C003_E\C003_E.fsproj", "{1A89031B-F208-4C28-B1E7-D3E67B873508}"
EndProject
Project("{F2A71F9B-5D33-465A-A702-920D77279786}") = "C148_E", "FS\C148_E\C148_E.fsproj", "{EB70B282-AB41-41F6-BB43-DDD822C8977F}"
EndProject
Project("{F2A71F9B-5D33-465A-A702-920D77279786}") = "C001_H", "FS\C001_H\C001_H.fsproj", "{37572164-7D12-40A5-B682-BD52A9F8A2ED}"
EndProject
Project("{F2A71F9B-5D33-465A-A702-920D77279786}") = "C145_E", "FS\C145_E\C145_E.fsproj", "{A194CFBD-B423-4DC5-B16E-203AE0C6FE92}"
EndProject
Project("{F2A71F9B-5D33-465A-A702-920D77279786}") = "C149_E", "FS\C149_E\C149_E.fsproj", "{CEEE479D-05A7-494B-9D51-3A48EAD65B90}"
EndProject
Project("{F2A71F9B-5D33-465A-A702-920D77279786}") = "C039_E", "FS\C039_E\C039_E.fsproj", "{0682E7F7-8C03-4630-B833-7A9E2F1254EC}"
EndProject
Project("{2150E333-8FDC-42A3-9474-1A3956D46DE8}") = "CS", "CS", "{FD7295E6-EAFD-484A-A9A3-969355B3AB85}"
EndProject
Project("{FAE04EC0-301F-11D3-BF4B-00C04F79EFBC}") = "C149_E", "CS\C149_E\C149_E.csproj", "{B8AE345B-FAD9-4B6A-90CC-68B04A4BEF85}"
EndProject
Project("{FAE04EC0-301F-11D3-BF4B-00C04F79EFBC}") = "C150_I", "CS\C150_I\C150_I.csproj", "{2C0F3864-14C7-4C24-9FC5-898126546D07}"
EndProject
Project("{2150E333-8FDC-42A3-9474-1A3956D46DE8}") = "Solution Items", "Solution Items", "{473C725A-8D5E-4E82-8DA3-0BAA5101DE02}"
	ProjectSection(SolutionItems) = preProject
		README.md = README.md
	EndProjectSection
EndProject
Project("{F2A71F9B-5D33-465A-A702-920D77279786}") = "C122_E", "FS\C122_E\C122_E.fsproj", "{44CE34E1-92DC-48BE-BC89-8BC5146E6AC7}"
EndProject
Project("{F2A71F9B-5D33-465A-A702-920D77279786}") = "C004_E", "FS\C004_E\C004_E.fsproj", "{D502DE9C-498E-46A9-89D1-E18C245FE06A}"
EndProject
Project("{F2A71F9B-5D33-465A-A702-920D77279786}") = "C153_E", "FS\C153_E\C153_E.fsproj", "{67E67BD5-7515-44A4-BAFF-E9D0DFD74EC5}"
EndProject
Global
	GlobalSection(SolutionConfigurationPlatforms) = preSolution
		Debug|Any CPU = Debug|Any CPU
		Release|Any CPU = Release|Any CPU
	EndGlobalSection
	GlobalSection(ProjectConfigurationPlatforms) = postSolution
		{30EB15D7-4A45-4606-B2B1-6D25556FFDF5}.Debug|Any CPU.ActiveCfg = Debug|Any CPU
		{30EB15D7-4A45-4606-B2B1-6D25556FFDF5}.Debug|Any CPU.Build.0 = Debug|Any CPU
		{30EB15D7-4A45-4606-B2B1-6D25556FFDF5}.Release|Any CPU.ActiveCfg = Release|Any CPU
		{30EB15D7-4A45-4606-B2B1-6D25556FFDF5}.Release|Any CPU.Build.0 = Release|Any CPU
		{DD587649-34F8-421C-BE5A-424414E5001C}.Debug|Any CPU.ActiveCfg = Debug|Any CPU
		{DD587649-34F8-421C-BE5A-424414E5001C}.Debug|Any CPU.Build.0 = Debug|Any CPU
		{DD587649-34F8-421C-BE5A-424414E5001C}.Release|Any CPU.ActiveCfg = Release|Any CPU
		{DD587649-34F8-421C-BE5A-424414E5001C}.Release|Any CPU.Build.0 = Release|Any CPU
		{1A89031B-F208-4C28-B1E7-D3E67B873508}.Debug|Any CPU.ActiveCfg = Debug|Any CPU
		{1A89031B-F208-4C28-B1E7-D3E67B873508}.Debug|Any CPU.Build.0 = Debug|Any CPU
		{1A89031B-F208-4C28-B1E7-D3E67B873508}.Release|Any CPU.ActiveCfg = Release|Any CPU
		{1A89031B-F208-4C28-B1E7-D3E67B873508}.Release|Any CPU.Build.0 = Release|Any CPU
		{EB70B282-AB41-41F6-BB43-DDD822C8977F}.Debug|Any CPU.ActiveCfg = Debug|Any CPU
		{EB70B282-AB41-41F6-BB43-DDD822C8977F}.Debug|Any CPU.Build.0 = Debug|Any CPU
		{EB70B282-AB41-41F6-BB43-DDD822C8977F}.Release|Any CPU.ActiveCfg = Release|Any CPU
		{EB70B282-AB41-41F6-BB43-DDD822C8977F}.Release|Any CPU.Build.0 = Release|Any CPU
		{37572164-7D12-40A5-B682-BD52A9F8A2ED}.Debug|Any CPU.ActiveCfg = Debug|Any CPU
		{37572164-7D12-40A5-B682-BD52A9F8A2ED}.Debug|Any CPU.Build.0 = Debug|Any CPU
		{37572164-7D12-40A5-B682-BD52A9F8A2ED}.Release|Any CPU.ActiveCfg = Release|Any CPU
		{37572164-7D12-40A5-B682-BD52A9F8A2ED}.Release|Any CPU.Build.0 = Release|Any CPU
		{A194CFBD-B423-4DC5-B16E-203AE0C6FE92}.Debug|Any CPU.ActiveCfg = Debug|Any CPU
		{A194CFBD-B423-4DC5-B16E-203AE0C6FE92}.Debug|Any CPU.Build.0 = Debug|Any CPU
		{A194CFBD-B423-4DC5-B16E-203AE0C6FE92}.Release|Any CPU.ActiveCfg = Release|Any CPU
		{A194CFBD-B423-4DC5-B16E-203AE0C6FE92}.Release|Any CPU.Build.0 = Release|Any CPU
		{CEEE479D-05A7-494B-9D51-3A48EAD65B90}.Debug|Any CPU.ActiveCfg = Debug|Any CPU
		{CEEE479D-05A7-494B-9D51-3A48EAD65B90}.Debug|Any CPU.Build.0 = Debug|Any CPU
		{CEEE479D-05A7-494B-9D51-3A48EAD65B90}.Release|Any CPU.ActiveCfg = Release|Any CPU
		{CEEE479D-05A7-494B-9D51-3A48EAD65B90}.Release|Any CPU.Build.0 = Release|Any CPU
		{0682E7F7-8C03-4630-B833-7A9E2F1254EC}.Debug|Any CPU.ActiveCfg = Debug|Any CPU
		{0682E7F7-8C03-4630-B833-7A9E2F1254EC}.Debug|Any CPU.Build.0 = Debug|Any CPU
		{0682E7F7-8C03-4630-B833-7A9E2F1254EC}.Release|Any CPU.ActiveCfg = Release|Any CPU
		{0682E7F7-8C03-4630-B833-7A9E2F1254EC}.Release|Any CPU.Build.0 = Release|Any CPU
		{B8AE345B-FAD9-4B6A-90CC-68B04A4BEF85}.Debug|Any CPU.ActiveCfg = Debug|Any CPU
		{B8AE345B-FAD9-4B6A-90CC-68B04A4BEF85}.Debug|Any CPU.Build.0 = Debug|Any CPU
		{B8AE345B-FAD9-4B6A-90CC-68B04A4BEF85}.Release|Any CPU.ActiveCfg = Release|Any CPU
		{B8AE345B-FAD9-4B6A-90CC-68B04A4BEF85}.Release|Any CPU.Build.0 = Release|Any CPU
		{2C0F3864-14C7-4C24-9FC5-898126546D07}.Debug|Any CPU.ActiveCfg = Debug|Any CPU
		{2C0F3864-14C7-4C24-9FC5-898126546D07}.Debug|Any CPU.Build.0 = Debug|Any CPU
		{2C0F3864-14C7-4C24-9FC5-898126546D07}.Release|Any CPU.ActiveCfg = Release|Any CPU
		{2C0F3864-14C7-4C24-9FC5-898126546D07}.Release|Any CPU.Build.0 = Release|Any CPU
		{44CE34E1-92DC-48BE-BC89-8BC5146E6AC7}.Debug|Any CPU.ActiveCfg = Debug|Any CPU
		{44CE34E1-92DC-48BE-BC89-8BC5146E6AC7}.Debug|Any CPU.Build.0 = Debug|Any CPU
		{44CE34E1-92DC-48BE-BC89-8BC5146E6AC7}.Release|Any CPU.ActiveCfg = Release|Any CPU
		{44CE34E1-92DC-48BE-BC89-8BC5146E6AC7}.Release|Any CPU.Build.0 = Release|Any CPU
		{D502DE9C-498E-46A9-89D1-E18C245FE06A}.Debug|Any CPU.ActiveCfg = Debug|Any CPU
		{D502DE9C-498E-46A9-89D1-E18C245FE06A}.Debug|Any CPU.Build.0 = Debug|Any CPU
		{D502DE9C-498E-46A9-89D1-E18C245FE06A}.Release|Any CPU.ActiveCfg = Release|Any CPU
		{D502DE9C-498E-46A9-89D1-E18C245FE06A}.Release|Any CPU.Build.0 = Release|Any CPU
		{67E67BD5-7515-44A4-BAFF-E9D0DFD74EC5}.Debug|Any CPU.ActiveCfg = Debug|Any CPU
		{67E67BD5-7515-44A4-BAFF-E9D0DFD74EC5}.Debug|Any CPU.Build.0 = Debug|Any CPU
		{67E67BD5-7515-44A4-BAFF-E9D0DFD74EC5}.Release|Any CPU.ActiveCfg = Release|Any CPU
		{67E67BD5-7515-44A4-BAFF-E9D0DFD74EC5}.Release|Any CPU.Build.0 = Release|Any CPU
	EndGlobalSection
	GlobalSection(SolutionProperties) = preSolution
		HideSolutionNode = FALSE
	EndGlobalSection
	GlobalSection(NestedProjects) = preSolution
		{30EB15D7-4A45-4606-B2B1-6D25556FFDF5} = {FF2C44A4-E6F3-40F4-8B21-4E0951DCAC16}
		{DD587649-34F8-421C-BE5A-424414E5001C} = {FF2C44A4-E6F3-40F4-8B21-4E0951DCAC16}
		{1A89031B-F208-4C28-B1E7-D3E67B873508} = {FF2C44A4-E6F3-40F4-8B21-4E0951DCAC16}
		{EB70B282-AB41-41F6-BB43-DDD822C8977F} = {FF2C44A4-E6F3-40F4-8B21-4E0951DCAC16}
		{37572164-7D12-40A5-B682-BD52A9F8A2ED} = {FF2C44A4-E6F3-40F4-8B21-4E0951DCAC16}
		{A194CFBD-B423-4DC5-B16E-203AE0C6FE92} = {FF2C44A4-E6F3-40F4-8B21-4E0951DCAC16}
		{CEEE479D-05A7-494B-9D51-3A48EAD65B90} = {FF2C44A4-E6F3-40F4-8B21-4E0951DCAC16}
		{0682E7F7-8C03-4630-B833-7A9E2F1254EC} = {FF2C44A4-E6F3-40F4-8B21-4E0951DCAC16}
		{44CE34E1-92DC-48BE-BC89-8BC5146E6AC7} = {FF2C44A4-E6F3-40F4-8B21-4E0951DCAC16}
		{D502DE9C-498E-46A9-89D1-E18C245FE06A} = {FF2C44A4-E6F3-40F4-8B21-4E0951DCAC16}
		{67E67BD5-7515-44A4-BAFF-E9D0DFD74EC5} = {FF2C44A4-E6F3-40F4-8B21-4E0951DCAC16}
		{B8AE345B-FAD9-4B6A-90CC-68B04A4BEF85} = {FD7295E6-EAFD-484A-A9A3-969355B3AB85}
		{2C0F3864-14C7-4C24-9FC5-898126546D07} = {FD7295E6-EAFD-484A-A9A3-969355B3AB85}
	EndGlobalSection
EndGlobal
